
Microsoft Visual Studio Solution File, Format Version 12.00
# Visual Studio Version 17
VisualStudioVersion = 17.0.31903.59
MinimumVisualStudioVersion = 10.0.40219.1
Project("{2150E333-8FDC-42A3-9474-1A3956D46DE8}") = "src", "src", "{827E0CD3-B72D-47B6-A68D-7590B98EB39B}"
EndProject
Project("{FAE04EC0-301F-11D3-BF4B-00C04F79EFBC}") = "SUBank.Domain", "src\SUBank.Domain\SUBank.Domain.csproj", "{98A175D9-620F-43BD-868E-253097958090}"
EndProject
Project("{FAE04EC0-301F-11D3-BF4B-00C04F79EFBC}") = "SUBank.Application", "src\SUBank.Application\SUBank.Application.csproj", "{D03B1D47-1ED0-4139-8A7A-4F798F201FA9}"
EndProject
Project("{FAE04EC0-301F-11D3-BF4B-00C04F79EFBC}") = "SUBank.Infrastructure", "src\SUBank.Infrastructure\SUBank.Infrastructure.csproj", "{72634475-41A0-4CA9-80C0-5766FD476559}"
EndProject
Project("{FAE04EC0-301F-11D3-BF4B-00C04F79EFBC}") = "SUBank.Contracts", "src\SUBank.Contracts\SUBank.Contracts.csproj", "{B0FCBBB3-AAE4-44CE-A1AA-34625B65FA84}"
EndProject
Project("{FAE04EC0-301F-11D3-BF4B-00C04F79EFBC}") = "SUBank.Api", "src\SUBank.Api\SUBank.Api.csproj", "{1CDA662B-4070-4015-9CE3-3DF8EC82A683}"
EndProject
Project("{2150E333-8FDC-42A3-9474-1A3956D46DE8}") = "client", "client", "{2CB42F12-E813-91B3-7D11-3220E40BEF4A}"
EndProject
Project("{FAE04EC0-301F-11D3-BF4B-00C04F79EFBC}") = "SUBank.Client", "client\SUBank.Client\SUBank.Client.csproj", "{5BBD7CAD-E881-41B3-9284-85A0F7D078E7}"
EndProject
Project("{2150E333-8FDC-42A3-9474-1A3956D46DE8}") = "tests", "tests", "{0AB3BF05-4346-4AA6-1389-037BE0695223}"
EndProject
Project("{FAE04EC0-301F-11D3-BF4B-00C04F79EFBC}") = "SUBank.Domain.Tests", "tests\SUBank.Domain.Tests\SUBank.Domain.Tests.csproj", "{6BD7C29F-0FFD-4D19-BDD4-D1F76E7EAC70}"
EndProject
Project("{FAE04EC0-301F-11D3-BF4B-00C04F79EFBC}") = "SUBank.Application.Tests", "tests\SUBank.Application.Tests\SUBank.Application.Tests.csproj", "{4B0F681A-E56D-4DA8-84A3-C28244249E7F}"
EndProject
Project("{FAE04EC0-301F-11D3-BF4B-00C04F79EFBC}") = "SUBank.IntegrationTests", "tests\SUBank.IntegrationTests\SUBank.IntegrationTests.csproj", "{A573B623-0E36-4224-9079-59BD8D279128}"
EndProject
Global
	GlobalSection(SolutionConfigurationPlatforms) = preSolution
		Debug|Any CPU = Debug|Any CPU
		Debug|x64 = Debug|x64
		Debug|x86 = Debug|x86
		Release|Any CPU = Release|Any CPU
		Release|x64 = Release|x64
		Release|x86 = Release|x86
	EndGlobalSection
	GlobalSection(ProjectConfigurationPlatforms) = postSolution
		{98A175D9-620F-43BD-868E-253097958090}.Debug|Any CPU.ActiveCfg = Debug|Any CPU
		{98A175D9-620F-43BD-868E-253097958090}.Debug|Any CPU.Build.0 = Debug|Any CPU
		{98A175D9-620F-43BD-868E-253097958090}.Debug|x64.ActiveCfg = Debug|Any CPU
		{98A175D9-620F-43BD-868E-253097958090}.Debug|x64.Build.0 = Debug|Any CPU
		{98A175D9-620F-43BD-868E-253097958090}.Debug|x86.ActiveCfg = Debug|Any CPU
		{98A175D9-620F-43BD-868E-253097958090}.Debug|x86.Build.0 = Debug|Any CPU
		{98A175D9-620F-43BD-868E-253097958090}.Release|Any CPU.ActiveCfg = Release|Any CPU
		{98A175D9-620F-43BD-868E-253097958090}.Release|Any CPU.Build.0 = Release|Any CPU
		{98A175D9-620F-43BD-868E-253097958090}.Release|x64.ActiveCfg = Release|Any CPU
		{98A175D9-620F-43BD-868E-253097958090}.Release|x64.Build.0 = Release|Any CPU
		{98A175D9-620F-43BD-868E-253097958090}.Release|x86.ActiveCfg = Release|Any CPU
		{98A175D9-620F-43BD-868E-253097958090}.Release|x86.Build.0 = Release|Any CPU
		{D03B1D47-1ED0-4139-8A7A-4F798F201FA9}.Debug|Any CPU.ActiveCfg = Debug|Any CPU
		{D03B1D47-1ED0-4139-8A7A-4F798F201FA9}.Debug|Any CPU.Build.0 = Debug|Any CPU
		{D03B1D47-1ED0-4139-8A7A-4F798F201FA9}.Debug|x64.ActiveCfg = Debug|Any CPU
		{D03B1D47-1ED0-4139-8A7A-4F798F201FA9}.Debug|x64.Build.0 = Debug|Any CPU
		{D03B1D47-1ED0-4139-8A7A-4F798F201FA9}.Debug|x86.ActiveCfg = Debug|Any CPU
		{D03B1D47-1ED0-4139-8A7A-4F798F201FA9}.Debug|x86.Build.0 = Debug|Any CPU
		{D03B1D47-1ED0-4139-8A7A-4F798F201FA9}.Release|Any CPU.ActiveCfg = Release|Any CPU
		{D03B1D47-1ED0-4139-8A7A-4F798F201FA9}.Release|Any CPU.Build.0 = Release|Any CPU
		{D03B1D47-1ED0-4139-8A7A-4F798F201FA9}.Release|x64.ActiveCfg = Release|Any CPU
		{D03B1D47-1ED0-4139-8A7A-4F798F201FA9}.Release|x64.Build.0 = Release|Any CPU
		{D03B1D47-1ED0-4139-8A7A-4F798F201FA9}.Release|x86.ActiveCfg = Release|Any CPU
		{D03B1D47-1ED0-4139-8A7A-4F798F201FA9}.Release|x86.Build.0 = Release|Any CPU
		{72634475-41A0-4CA9-80C0-5766FD476559}.Debug|Any CPU.ActiveCfg = Debug|Any CPU
		{72634475-41A0-4CA9-80C0-5766FD476559}.Debug|Any CPU.Build.0 = Debug|Any CPU
		{72634475-41A0-4CA9-80C0-5766FD476559}.Debug|x64.ActiveCfg = Debug|Any CPU
		{72634475-41A0-4CA9-80C0-5766FD476559}.Debug|x64.Build.0 = Debug|Any CPU
		{72634475-41A0-4CA9-80C0-5766FD476559}.Debug|x86.ActiveCfg = Debug|Any CPU
		{72634475-41A0-4CA9-80C0-5766FD476559}.Debug|x86.Build.0 = Debug|Any CPU
		{72634475-41A0-4CA9-80C0-5766FD476559}.Release|Any CPU.ActiveCfg = Release|Any CPU
		{72634475-41A0-4CA9-80C0-5766FD476559}.Release|Any CPU.Build.0 = Release|Any CPU
		{72634475-41A0-4CA9-80C0-5766FD476559}.Release|x64.ActiveCfg = Release|Any CPU
		{72634475-41A0-4CA9-80C0-5766FD476559}.Release|x64.Build.0 = Release|Any CPU
		{72634475-41A0-4CA9-80C0-5766FD476559}.Release|x86.ActiveCfg = Release|Any CPU
		{72634475-41A0-4CA9-80C0-5766FD476559}.Release|x86.Build.0 = Release|Any CPU
		{B0FCBBB3-AAE4-44CE-A1AA-34625B65FA84}.Debug|Any CPU.ActiveCfg = Debug|Any CPU
		{B0FCBBB3-AAE4-44CE-A1AA-34625B65FA84}.Debug|Any CPU.Build.0 = Debug|Any CPU
		{B0FCBBB3-AAE4-44CE-A1AA-34625B65FA84}.Debug|x64.ActiveCfg = Debug|Any CPU
		{B0FCBBB3-AAE4-44CE-A1AA-34625B65FA84}.Debug|x64.Build.0 = Debug|Any CPU
		{B0FCBBB3-AAE4-44CE-A1AA-34625B65FA84}.Debug|x86.ActiveCfg = Debug|Any CPU
		{B0FCBBB3-AAE4-44CE-A1AA-34625B65FA84}.Debug|x86.Build.0 = Debug|Any CPU
		{B0FCBBB3-AAE4-44CE-A1AA-34625B65FA84}.Release|Any CPU.ActiveCfg = Release|Any CPU
		{B0FCBBB3-AAE4-44CE-A1AA-34625B65FA84}.Release|Any CPU.Build.0 = Release|Any CPU
		{B0FCBBB3-AAE4-44CE-A1AA-34625B65FA84}.Release|x64.ActiveCfg = Release|Any CPU
		{B0FCBBB3-AAE4-44CE-A1AA-34625B65FA84}.Release|x64.Build.0 = Release|Any CPU
		{B0FCBBB3-AAE4-44CE-A1AA-34625B65FA84}.Release|x86.ActiveCfg = Release|Any CPU
		{B0FCBBB3-AAE4-44CE-A1AA-34625B65FA84}.Release|x86.Build.0 = Release|Any CPU
		{1CDA662B-4070-4015-9CE3-3DF8EC82A683}.Debug|Any CPU.ActiveCfg = Debug|Any CPU
		{1CDA662B-4070-4015-9CE3-3DF8EC82A683}.Debug|Any CPU.Build.0 = Debug|Any CPU
		{1CDA662B-4070-4015-9CE3-3DF8EC82A683}.Debug|x64.ActiveCfg = Debug|Any CPU
		{1CDA662B-4070-4015-9CE3-3DF8EC82A683}.Debug|x64.Build.0 = Debug|Any CPU
		{1CDA662B-4070-4015-9CE3-3DF8EC82A683}.Debug|x86.ActiveCfg = Debug|Any CPU
		{1CDA662B-4070-4015-9CE3-3DF8EC82A683}.Debug|x86.Build.0 = Debug|Any CPU
		{1CDA662B-4070-4015-9CE3-3DF8EC82A683}.Release|Any CPU.ActiveCfg = Release|Any CPU
		{1CDA662B-4070-4015-9CE3-3DF8EC82A683}.Release|Any CPU.Build.0 = Release|Any CPU
		{1CDA662B-4070-4015-9CE3-3DF8EC82A683}.Release|x64.ActiveCfg = Release|Any CPU
		{1CDA662B-4070-4015-9CE3-3DF8EC82A683}.Release|x64.Build.0 = Release|Any CPU
		{1CDA662B-4070-4015-9CE3-3DF8EC82A683}.Release|x86.ActiveCfg = Release|Any CPU
		{1CDA662B-4070-4015-9CE3-3DF8EC82A683}.Release|x86.Build.0 = Release|Any CPU
		{5BBD7CAD-E881-41B3-9284-85A0F7D078E7}.Debug|Any CPU.ActiveCfg = Debug|Any CPU
		{5BBD7CAD-E881-41B3-9284-85A0F7D078E7}.Debug|Any CPU.Build.0 = Debug|Any CPU
		{5BBD7CAD-E881-41B3-9284-85A0F7D078E7}.Debug|x64.ActiveCfg = Debug|Any CPU
		{5BBD7CAD-E881-41B3-9284-85A0F7D078E7}.Debug|x64.Build.0 = Debug|Any CPU
		{5BBD7CAD-E881-41B3-9284-85A0F7D078E7}.Debug|x86.ActiveCfg = Debug|Any CPU
		{5BBD7CAD-E881-41B3-9284-85A0F7D078E7}.Debug|x86.Build.0 = Debug|Any CPU
		{5BBD7CAD-E881-41B3-9284-85A0F7D078E7}.Release|Any CPU.ActiveCfg = Release|Any CPU
		{5BBD7CAD-E881-41B3-9284-85A0F7D078E7}.Release|Any CPU.Build.0 = Release|Any CPU
		{5BBD7CAD-E881-41B3-9284-85A0F7D078E7}.Release|x64.ActiveCfg = Release|Any CPU
		{5BBD7CAD-E881-41B3-9284-85A0F7D078E7}.Release|x64.Build.0 = Release|Any CPU
		{5BBD7CAD-E881-41B3-9284-85A0F7D078E7}.Release|x86.ActiveCfg = Release|Any CPU
		{5BBD7CAD-E881-41B3-9284-85A0F7D078E7}.Release|x86.Build.0 = Release|Any CPU
		{6BD7C29F-0FFD-4D19-BDD4-D1F76E7EAC70}.Debug|Any CPU.ActiveCfg = Debug|Any CPU
		{6BD7C29F-0FFD-4D19-BDD4-D1F76E7EAC70}.Debug|Any CPU.Build.0 = Debug|Any CPU
		{6BD7C29F-0FFD-4D19-BDD4-D1F76E7EAC70}.Debug|x64.ActiveCfg = Debug|Any CPU
		{6BD7C29F-0FFD-4D19-BDD4-D1F76E7EAC70}.Debug|x64.Build.0 = Debug|Any CPU
		{6BD7C29F-0FFD-4D19-BDD4-D1F76E7EAC70}.Debug|x86.ActiveCfg = Debug|Any CPU
		{6BD7C29F-0FFD-4D19-BDD4-D1F76E7EAC70}.Debug|x86.Build.0 = Debug|Any CPU
		{6BD7C29F-0FFD-4D19-BDD4-D1F76E7EAC70}.Release|Any CPU.ActiveCfg = Release|Any CPU
		{6BD7C29F-0FFD-4D19-BDD4-D1F76E7EAC70}.Release|Any CPU.Build.0 = Release|Any CPU
		{6BD7C29F-0FFD-4D19-BDD4-D1F76E7EAC70}.Release|x64.ActiveCfg = Release|Any CPU
		{6BD7C29F-0FFD-4D19-BDD4-D1F76E7EAC70}.Release|x64.Build.0 = Release|Any CPU
		{6BD7C29F-0FFD-4D19-BDD4-D1F76E7EAC70}.Release|x86.ActiveCfg = Release|Any CPU
		{6BD7C29F-0FFD-4D19-BDD4-D1F76E7EAC70}.Release|x86.Build.0 = Release|Any CPU
		{4B0F681A-E56D-4DA8-84A3-C28244249E7F}.Debug|Any CPU.ActiveCfg = Debug|Any CPU
		{4B0F681A-E56D-4DA8-84A3-C28244249E7F}.Debug|Any CPU.Build.0 = Debug|Any CPU
		{4B0F681A-E56D-4DA8-84A3-C28244249E7F}.Debug|x64.ActiveCfg = Debug|Any CPU
		{4B0F681A-E56D-4DA8-84A3-C28244249E7F}.Debug|x64.Build.0 = Debug|Any CPU
		{4B0F681A-E56D-4DA8-84A3-C28244249E7F}.Debug|x86.ActiveCfg = Debug|Any CPU
		{4B0F681A-E56D-4DA8-84A3-C28244249E7F}.Debug|x86.Build.0 = Debug|Any CPU
		{4B0F681A-E56D-4DA8-84A3-C28244249E7F}.Release|Any CPU.ActiveCfg = Release|Any CPU
		{4B0F681A-E56D-4DA8-84A3-C28244249E7F}.Release|Any CPU.Build.0 = Release|Any CPU
		{4B0F681A-E56D-4DA8-84A3-C28244249E7F}.Release|x64.ActiveCfg = Release|Any CPU
		{4B0F681A-E56D-4DA8-84A3-C28244249E7F}.Release|x64.Build.0 = Release|Any CPU
		{4B0F681A-E56D-4DA8-84A3-C28244249E7F}.Release|x86.ActiveCfg = Release|Any CPU
		{4B0F681A-E56D-4DA8-84A3-C28244249E7F}.Release|x86.Build.0 = Release|Any CPU
		{A573B623-0E36-4224-9079-59BD8D279128}.Debug|Any CPU.ActiveCfg = Debug|Any CPU
		{A573B623-0E36-4224-9079-59BD8D279128}.Debug|Any CPU.Build.0 = Debug|Any CPU
		{A573B623-0E36-4224-9079-59BD8D279128}.Debug|x64.ActiveCfg = Debug|Any CPU
		{A573B623-0E36-4224-9079-59BD8D279128}.Debug|x64.Build.0 = Debug|Any CPU
		{A573B623-0E36-4224-9079-59BD8D279128}.Debug|x86.ActiveCfg = Debug|Any CPU
		{A573B623-0E36-4224-9079-59BD8D279128}.Debug|x86.Build.0 = Debug|Any CPU
		{A573B623-0E36-4224-9079-59BD8D279128}.Release|Any CPU.ActiveCfg = Release|Any CPU
		{A573B623-0E36-4224-9079-59BD8D279128}.Release|Any CPU.Build.0 = Release|Any CPU
		{A573B623-0E36-4224-9079-59BD8D279128}.Release|x64.ActiveCfg = Release|Any CPU
		{A573B623-0E36-4224-9079-59BD8D279128}.Release|x64.Build.0 = Release|Any CPU
		{A573B623-0E36-4224-9079-59BD8D279128}.Release|x86.ActiveCfg = Release|Any CPU
		{A573B623-0E36-4224-9079-59BD8D279128}.Release|x86.Build.0 = Release|Any CPU
	EndGlobalSection
	GlobalSection(SolutionProperties) = preSolution
		HideSolutionNode = FALSE
	EndGlobalSection
	GlobalSection(NestedProjects) = preSolution
		{98A175D9-620F-43BD-868E-253097958090} = {827E0CD3-B72D-47B6-A68D-7590B98EB39B}
		{D03B1D47-1ED0-4139-8A7A-4F798F201FA9} = {827E0CD3-B72D-47B6-A68D-7590B98EB39B}
		{72634475-41A0-4CA9-80C0-5766FD476559} = {827E0CD3-B72D-47B6-A68D-7590B98EB39B}
		{B0FCBBB3-AAE4-44CE-A1AA-34625B65FA84} = {827E0CD3-B72D-47B6-A68D-7590B98EB39B}
		{1CDA662B-4070-4015-9CE3-3DF8EC82A683} = {827E0CD3-B72D-47B6-A68D-7590B98EB39B}
		{5BBD7CAD-E881-41B3-9284-85A0F7D078E7} = {2CB42F12-E813-91B3-7D11-3220E40BEF4A}
		{6BD7C29F-0FFD-4D19-BDD4-D1F76E7EAC70} = {0AB3BF05-4346-4AA6-1389-037BE0695223}
		{4B0F681A-E56D-4DA8-84A3-C28244249E7F} = {0AB3BF05-4346-4AA6-1389-037BE0695223}
		{A573B623-0E36-4224-9079-59BD8D279128} = {0AB3BF05-4346-4AA6-1389-037BE0695223}
	EndGlobalSection
EndGlobal
